// !$*UTF8*$!
{
	archiveVersion = 1;
	classes = {
	};
	objectVersion = 50;
	objects = {

/* Begin PBXBuildFile section */
		6E48CC1E688FA984C36290B4 /* Pods_iShare.framework in Frameworks */ = {isa = PBXBuildFile; fileRef = 1C9130B1DC25AEB5E30791FE /* Pods_iShare.framework */; };
		B8BC0B4822857C5900B7DD43 /* AppDelegate.swift in Sources */ = {isa = PBXBuildFile; fileRef = B8BC0B4722857C5900B7DD43 /* AppDelegate.swift */; };
		B8BC0B4D22857C5900B7DD43 /* Main.storyboard in Resources */ = {isa = PBXBuildFile; fileRef = B8BC0B4B22857C5900B7DD43 /* Main.storyboard */; };
		B8BC0B4F22857C5B00B7DD43 /* Assets.xcassets in Resources */ = {isa = PBXBuildFile; fileRef = B8BC0B4E22857C5B00B7DD43 /* Assets.xcassets */; };
		B8BC0B5222857C5B00B7DD43 /* LaunchScreen.storyboard in Resources */ = {isa = PBXBuildFile; fileRef = B8BC0B5022857C5B00B7DD43 /* LaunchScreen.storyboard */; };
		B8BC0B5B22857E1C00B7DD43 /* Constants.swift in Sources */ = {isa = PBXBuildFile; fileRef = B8BC0B5A22857E1C00B7DD43 /* Constants.swift */; };
		B8BC0B5E2286FBE200B7DD43 /* Locations.swift in Sources */ = {isa = PBXBuildFile; fileRef = B8BC0B5D2286FBE200B7DD43 /* Locations.swift */; };
		B8BC0B602287C83F00B7DD43 /* CommonMethods.swift in Sources */ = {isa = PBXBuildFile; fileRef = B8BC0B5F2287C83F00B7DD43 /* CommonMethods.swift */; };
		B8BC0B662288137200B7DD43 /* MapController.swift in Sources */ = {isa = PBXBuildFile; fileRef = B8BC0B652288137200B7DD43 /* MapController.swift */; };
		B8BC0B69228817A000B7DD43 /* APIRequest.swift in Sources */ = {isa = PBXBuildFile; fileRef = B8BC0B68228817A000B7DD43 /* APIRequest.swift */; };
		B8BC0B6B228817B200B7DD43 /* APIClient.swift in Sources */ = {isa = PBXBuildFile; fileRef = B8BC0B6A228817B200B7DD43 /* APIClient.swift */; };
		B8BC0B6D2288192400B7DD43 /* DirectionRequest.swift in Sources */ = {isa = PBXBuildFile; fileRef = B8BC0B6C2288192400B7DD43 /* DirectionRequest.swift */; };
		B8BC0B6F22886AC500B7DD43 /* Directions.swift in Sources */ = {isa = PBXBuildFile; fileRef = B8BC0B6E22886AC500B7DD43 /* Directions.swift */; };
/* End PBXBuildFile section */

/* Begin PBXFileReference section */
		1C9130B1DC25AEB5E30791FE /* Pods_iShare.framework */ = {isa = PBXFileReference; explicitFileType = wrapper.framework; includeInIndex = 0; path = Pods_iShare.framework; sourceTree = BUILT_PRODUCTS_DIR; };
		5610C7D9A9363140AB8B03FE /* Pods-iShare.debug.xcconfig */ = {isa = PBXFileReference; includeInIndex = 1; lastKnownFileType = text.xcconfig; name = "Pods-iShare.debug.xcconfig"; path = "Pods/Target Support Files/Pods-iShare/Pods-iShare.debug.xcconfig"; sourceTree = "<group>"; };
		B8BC0B4422857C5900B7DD43 /* iShare.app */ = {isa = PBXFileReference; explicitFileType = wrapper.application; includeInIndex = 0; path = iShare.app; sourceTree = BUILT_PRODUCTS_DIR; };
		B8BC0B4722857C5900B7DD43 /* AppDelegate.swift */ = {isa = PBXFileReference; lastKnownFileType = sourcecode.swift; path = AppDelegate.swift; sourceTree = "<group>"; };
		B8BC0B4C22857C5900B7DD43 /* Base */ = {isa = PBXFileReference; lastKnownFileType = file.storyboard; name = Base; path = Base.lproj/Main.storyboard; sourceTree = "<group>"; };
		B8BC0B4E22857C5B00B7DD43 /* Assets.xcassets */ = {isa = PBXFileReference; lastKnownFileType = folder.assetcatalog; path = Assets.xcassets; sourceTree = "<group>"; };
		B8BC0B5122857C5B00B7DD43 /* Base */ = {isa = PBXFileReference; lastKnownFileType = file.storyboard; name = Base; path = Base.lproj/LaunchScreen.storyboard; sourceTree = "<group>"; };
		B8BC0B5322857C5B00B7DD43 /* Info.plist */ = {isa = PBXFileReference; lastKnownFileType = text.plist.xml; path = Info.plist; sourceTree = "<group>"; };
		B8BC0B5A22857E1C00B7DD43 /* Constants.swift */ = {isa = PBXFileReference; lastKnownFileType = sourcecode.swift; path = Constants.swift; sourceTree = "<group>"; };
		B8BC0B5D2286FBE200B7DD43 /* Locations.swift */ = {isa = PBXFileReference; lastKnownFileType = sourcecode.swift; path = Locations.swift; sourceTree = "<group>"; };
		B8BC0B5F2287C83F00B7DD43 /* CommonMethods.swift */ = {isa = PBXFileReference; lastKnownFileType = sourcecode.swift; path = CommonMethods.swift; sourceTree = "<group>"; };
		B8BC0B652288137200B7DD43 /* MapController.swift */ = {isa = PBXFileReference; lastKnownFileType = sourcecode.swift; path = MapController.swift; sourceTree = "<group>"; };
		B8BC0B68228817A000B7DD43 /* APIRequest.swift */ = {isa = PBXFileReference; lastKnownFileType = sourcecode.swift; path = APIRequest.swift; sourceTree = "<group>"; };
		B8BC0B6A228817B200B7DD43 /* APIClient.swift */ = {isa = PBXFileReference; lastKnownFileType = sourcecode.swift; path = APIClient.swift; sourceTree = "<group>"; };
		B8BC0B6C2288192400B7DD43 /* DirectionRequest.swift */ = {isa = PBXFileReference; lastKnownFileType = sourcecode.swift; path = DirectionRequest.swift; sourceTree = "<group>"; };
		B8BC0B6E22886AC500B7DD43 /* Directions.swift */ = {isa = PBXFileReference; lastKnownFileType = sourcecode.swift; path = Directions.swift; sourceTree = "<group>"; };
		F157ACCD42F6BF922216AACD /* Pods-iShare.release.xcconfig */ = {isa = PBXFileReference; includeInIndex = 1; lastKnownFileType = text.xcconfig; name = "Pods-iShare.release.xcconfig"; path = "Pods/Target Support Files/Pods-iShare/Pods-iShare.release.xcconfig"; sourceTree = "<group>"; };
/* End PBXFileReference section */

/* Begin PBXFrameworksBuildPhase section */
		B8BC0B4122857C5900B7DD43 /* Frameworks */ = {
			isa = PBXFrameworksBuildPhase;
			buildActionMask = 2147483647;
			files = (
				6E48CC1E688FA984C36290B4 /* Pods_iShare.framework in Frameworks */,
			);
			runOnlyForDeploymentPostprocessing = 0;
		};
/* End PBXFrameworksBuildPhase section */

/* Begin PBXGroup section */
		A79495849ADA718BFE32D7E8 /* Frameworks */ = {
			isa = PBXGroup;
			children = (
				1C9130B1DC25AEB5E30791FE /* Pods_iShare.framework */,
			);
			name = Frameworks;
			sourceTree = "<group>";
		};
		B8BC0B3B22857C5900B7DD43 = {
			isa = PBXGroup;
			children = (
				B8BC0B4622857C5900B7DD43 /* iShare */,
				B8BC0B4522857C5900B7DD43 /* Products */,
				C2616008E2084D31DBF94453 /* Pods */,
				A79495849ADA718BFE32D7E8 /* Frameworks */,
			);
			sourceTree = "<group>";
		};
		B8BC0B4522857C5900B7DD43 /* Products */ = {
			isa = PBXGroup;
			children = (
				B8BC0B4422857C5900B7DD43 /* iShare.app */,
			);
			name = Products;
			sourceTree = "<group>";
		};
		B8BC0B4622857C5900B7DD43 /* iShare */ = {
			isa = PBXGroup;
			children = (
				B8BC0B672288178200B7DD43 /* Networking */,
				B8BC0B62228812C600B7DD43 /* Controller */,
				B8BC0B5C2286FBBB00B7DD43 /* Model */,
				B8BC0B5922857E0D00B7DD43 /* Util */,
				B8BC0B4722857C5900B7DD43 /* AppDelegate.swift */,
				B8BC0B4B22857C5900B7DD43 /* Main.storyboard */,
				B8BC0B4E22857C5B00B7DD43 /* Assets.xcassets */,
				B8BC0B5022857C5B00B7DD43 /* LaunchScreen.storyboard */,
				B8BC0B5322857C5B00B7DD43 /* Info.plist */,
			);
			path = iShare;
			sourceTree = "<group>";
		};
		B8BC0B5922857E0D00B7DD43 /* Util */ = {
			isa = PBXGroup;
			children = (
				B8BC0B5A22857E1C00B7DD43 /* Constants.swift */,
				B8BC0B5F2287C83F00B7DD43 /* CommonMethods.swift */,
			);
			path = Util;
			sourceTree = "<group>";
		};
		B8BC0B5C2286FBBB00B7DD43 /* Model */ = {
			isa = PBXGroup;
			children = (
				B8BC0B5D2286FBE200B7DD43 /* Locations.swift */,
				B8BC0B6E22886AC500B7DD43 /* Directions.swift */,
			);
			path = Model;
			sourceTree = "<group>";
		};
		B8BC0B62228812C600B7DD43 /* Controller */ = {
			isa = PBXGroup;
			children = (
				B8BC0B652288137200B7DD43 /* MapController.swift */,
			);
			path = Controller;
			sourceTree = "<group>";
		};
		B8BC0B672288178200B7DD43 /* Networking */ = {
			isa = PBXGroup;
			children = (
				B8BC0B68228817A000B7DD43 /* APIRequest.swift */,
				B8BC0B6A228817B200B7DD43 /* APIClient.swift */,
				B8BC0B6C2288192400B7DD43 /* DirectionRequest.swift */,
			);
			path = Networking;
			sourceTree = "<group>";
		};
		C2616008E2084D31DBF94453 /* Pods */ = {
			isa = PBXGroup;
			children = (
				5610C7D9A9363140AB8B03FE /* Pods-iShare.debug.xcconfig */,
				F157ACCD42F6BF922216AACD /* Pods-iShare.release.xcconfig */,
			);
			name = Pods;
			sourceTree = "<group>";
		};
/* End PBXGroup section */

/* Begin PBXNativeTarget section */
		B8BC0B4322857C5900B7DD43 /* iShare */ = {
			isa = PBXNativeTarget;
			buildConfigurationList = B8BC0B5622857C5B00B7DD43 /* Build configuration list for PBXNativeTarget "iShare" */;
			buildPhases = (
				473B8981907CABC0CF17568C /* [CP] Check Pods Manifest.lock */,
				B8BC0B4022857C5900B7DD43 /* Sources */,
				B8BC0B4122857C5900B7DD43 /* Frameworks */,
				B8BC0B4222857C5900B7DD43 /* Resources */,
				87BEBC1C0EA5E346BFF361FF /* [CP] Copy Pods Resources */,
			);
			buildRules = (
			);
			dependencies = (
			);
			name = iShare;
			productName = iShare;
			productReference = B8BC0B4422857C5900B7DD43 /* iShare.app */;
			productType = "com.apple.product-type.application";
		};
/* End PBXNativeTarget section */

/* Begin PBXProject section */
		B8BC0B3C22857C5900B7DD43 /* Project object */ = {
			isa = PBXProject;
			attributes = {
				LastSwiftUpdateCheck = 1010;
				LastUpgradeCheck = 1010;
				ORGANIZATIONNAME = "Shafeer Puthalan";
				TargetAttributes = {
					B8BC0B4322857C5900B7DD43 = {
						CreatedOnToolsVersion = 10.1;
					};
				};
			};
			buildConfigurationList = B8BC0B3F22857C5900B7DD43 /* Build configuration list for PBXProject "iShare" */;
			compatibilityVersion = "Xcode 9.3";
			developmentRegion = en;
			hasScannedForEncodings = 0;
			knownRegions = (
				en,
				Base,
			);
			mainGroup = B8BC0B3B22857C5900B7DD43;
			productRefGroup = B8BC0B4522857C5900B7DD43 /* Products */;
			projectDirPath = "";
			projectRoot = "";
			targets = (
				B8BC0B4322857C5900B7DD43 /* iShare */,
			);
		};
/* End PBXProject section */

/* Begin PBXResourcesBuildPhase section */
		B8BC0B4222857C5900B7DD43 /* Resources */ = {
			isa = PBXResourcesBuildPhase;
			buildActionMask = 2147483647;
			files = (
				B8BC0B5222857C5B00B7DD43 /* LaunchScreen.storyboard in Resources */,
				B8BC0B4F22857C5B00B7DD43 /* Assets.xcassets in Resources */,
				B8BC0B4D22857C5900B7DD43 /* Main.storyboard in Resources */,
			);
			runOnlyForDeploymentPostprocessing = 0;
		};
/* End PBXResourcesBuildPhase section */

/* Begin PBXShellScriptBuildPhase section */
		473B8981907CABC0CF17568C /* [CP] Check Pods Manifest.lock */ = {
			isa = PBXShellScriptBuildPhase;
			buildActionMask = 2147483647;
			files = (
			);
			inputFileListPaths = (
			);
			inputPaths = (
				"${PODS_PODFILE_DIR_PATH}/Podfile.lock",
				"${PODS_ROOT}/Manifest.lock",
			);
			name = "[CP] Check Pods Manifest.lock";
			outputFileListPaths = (
			);
			outputPaths = (
				"$(DERIVED_FILE_DIR)/Pods-iShare-checkManifestLockResult.txt",
			);
			runOnlyForDeploymentPostprocessing = 0;
			shellPath = /bin/sh;
			shellScript = "diff \"${PODS_PODFILE_DIR_PATH}/Podfile.lock\" \"${PODS_ROOT}/Manifest.lock\" > /dev/null\nif [ $? != 0 ] ; then\n    # print error to STDERR\n    echo \"error: The sandbox is not in sync with the Podfile.lock. Run 'pod install' or update your CocoaPods installation.\" >&2\n    exit 1\nfi\n# This output is used by Xcode 'outputs' to avoid re-running this script phase.\necho \"SUCCESS\" > \"${SCRIPT_OUTPUT_FILE_0}\"\n";
			showEnvVarsInLog = 0;
		};
		87BEBC1C0EA5E346BFF361FF /* [CP] Copy Pods Resources */ = {
			isa = PBXShellScriptBuildPhase;
			buildActionMask = 2147483647;
			files = (
			);
			inputFileListPaths = (
			);
			inputPaths = (
				"${SRCROOT}/Pods/Target Support Files/Pods-iShare/Pods-iShare-resources.sh",
				"${PODS_ROOT}/GoogleMaps/Maps/Frameworks/GoogleMaps.framework/Resources/GoogleMaps.bundle",
				"${PODS_ROOT}/GooglePlaces/Frameworks/GooglePlaces.framework/Resources/GooglePlaces.bundle",
			);
			name = "[CP] Copy Pods Resources";
			outputFileListPaths = (
			);
			outputPaths = (
				"${TARGET_BUILD_DIR}/${UNLOCALIZED_RESOURCES_FOLDER_PATH}/GoogleMaps.bundle",
				"${TARGET_BUILD_DIR}/${UNLOCALIZED_RESOURCES_FOLDER_PATH}/GooglePlaces.bundle",
			);
			runOnlyForDeploymentPostprocessing = 0;
			shellPath = /bin/sh;
			shellScript = "\"${SRCROOT}/Pods/Target Support Files/Pods-iShare/Pods-iShare-resources.sh\"\n";
			showEnvVarsInLog = 0;
		};
/* End PBXShellScriptBuildPhase section */

/* Begin PBXSourcesBuildPhase section */
		B8BC0B4022857C5900B7DD43 /* Sources */ = {
			isa = PBXSourcesBuildPhase;
			buildActionMask = 2147483647;
			files = (
				B8BC0B4822857C5900B7DD43 /* AppDelegate.swift in Sources */,
				B8BC0B6B228817B200B7DD43 /* APIClient.swift in Sources */,
				B8BC0B5E2286FBE200B7DD43 /* Locations.swift in Sources */,
				B8BC0B6D2288192400B7DD43 /* DirectionRequest.swift in Sources */,
				B8BC0B5B22857E1C00B7DD43 /* Constants.swift in Sources */,
				B8BC0B662288137200B7DD43 /* MapController.swift in Sources */,
				B8BC0B69228817A000B7DD43 /* APIRequest.swift in Sources */,
				B8BC0B6F22886AC500B7DD43 /* Directions.swift in Sources */,
				B8BC0B602287C83F00B7DD43 /* CommonMethods.swift in Sources */,
			);
			runOnlyForDeploymentPostprocessing = 0;
		};
/* End PBXSourcesBuildPhase section */

/* Begin PBXVariantGroup section */
		B8BC0B4B22857C5900B7DD43 /* Main.storyboard */ = {
			isa = PBXVariantGroup;
			children = (
				B8BC0B4C22857C5900B7DD43 /* Base */,
			);
			name = Main.storyboard;
			sourceTree = "<group>";
		};
		B8BC0B5022857C5B00B7DD43 /* LaunchScreen.storyboard */ = {
			isa = PBXVariantGroup;
			children = (
				B8BC0B5122857C5B00B7DD43 /* Base */,
			);
			name = LaunchScreen.storyboard;
			sourceTree = "<group>";
		};
/* End PBXVariantGroup section */

/* Begin XCBuildConfiguration section */
		B8BC0B5422857C5B00B7DD43 /* Debug */ = {
			isa = XCBuildConfiguration;
			buildSettings = {
				ALWAYS_SEARCH_USER_PATHS = NO;
				CLANG_ANALYZER_NONNULL = YES;
				CLANG_ANALYZER_NUMBER_OBJECT_CONVERSION = YES_AGGRESSIVE;
				CLANG_CXX_LANGUAGE_STANDARD = "gnu++14";
				CLANG_CXX_LIBRARY = "libc++";
				CLANG_ENABLE_MODULES = YES;
				CLANG_ENABLE_OBJC_ARC = YES;
				CLANG_ENABLE_OBJC_WEAK = YES;
				CLANG_WARN_BLOCK_CAPTURE_AUTORELEASING = YES;
				CLANG_WARN_BOOL_CONVERSION = YES;
				CLANG_WARN_COMMA = YES;
				CLANG_WARN_CONSTANT_CONVERSION = YES;
				CLANG_WARN_DEPRECATED_OBJC_IMPLEMENTATIONS = YES;
				CLANG_WARN_DIRECT_OBJC_ISA_USAGE = YES_ERROR;
				CLANG_WARN_DOCUMENTATION_COMMENTS = YES;
				CLANG_WARN_EMPTY_BODY = YES;
				CLANG_WARN_ENUM_CONVERSION = YES;
				CLANG_WARN_INFINITE_RECURSION = YES;
				CLANG_WARN_INT_CONVERSION = YES;
				CLANG_WARN_NON_LITERAL_NULL_CONVERSION = YES;
				CLANG_WARN_OBJC_IMPLICIT_RETAIN_SELF = YES;
				CLANG_WARN_OBJC_LITERAL_CONVERSION = YES;
				CLANG_WARN_OBJC_ROOT_CLASS = YES_ERROR;
				CLANG_WARN_RANGE_LOOP_ANALYSIS = YES;
				CLANG_WARN_STRICT_PROTOTYPES = YES;
				CLANG_WARN_SUSPICIOUS_MOVE = YES;
				CLANG_WARN_UNGUARDED_AVAILABILITY = YES_AGGRESSIVE;
				CLANG_WARN_UNREACHABLE_CODE = YES;
				CLANG_WARN__DUPLICATE_METHOD_MATCH = YES;
				CODE_SIGN_IDENTITY = "iPhone Developer";
				COPY_PHASE_STRIP = NO;
				DEBUG_INFORMATION_FORMAT = dwarf;
				ENABLE_STRICT_OBJC_MSGSEND = YES;
				ENABLE_TESTABILITY = YES;
				GCC_C_LANGUAGE_STANDARD = gnu11;
				GCC_DYNAMIC_NO_PIC = NO;
				GCC_NO_COMMON_BLOCKS = YES;
				GCC_OPTIMIZATION_LEVEL = 0;
				GCC_PREPROCESSOR_DEFINITIONS = (
					"DEBUG=1",
					"$(inherited)",
				);
				GCC_WARN_64_TO_32_BIT_CONVERSION = YES;
				GCC_WARN_ABOUT_RETURN_TYPE = YES_ERROR;
				GCC_WARN_UNDECLARED_SELECTOR = YES;
				GCC_WARN_UNINITIALIZED_AUTOS = YES_AGGRESSIVE;
				GCC_WARN_UNUSED_FUNCTION = YES;
				GCC_WARN_UNUSED_VARIABLE = YES;
				IPHONEOS_DEPLOYMENT_TARGET = 12.1;
				MTL_ENABLE_DEBUG_INFO = INCLUDE_SOURCE;
				MTL_FAST_MATH = YES;
				ONLY_ACTIVE_ARCH = YES;
				SDKROOT = iphoneos;
				SWIFT_ACTIVE_COMPILATION_CONDITIONS = DEBUG;
				SWIFT_OPTIMIZATION_LEVEL = "-Onone";
			};
			name = Debug;
		};
		B8BC0B5522857C5B00B7DD43 /* Release */ = {
			isa = XCBuildConfiguration;
			buildSettings = {
				ALWAYS_SEARCH_USER_PATHS = NO;
				CLANG_ANALYZER_NONNULL = YES;
				CLANG_ANALYZER_NUMBER_OBJECT_CONVERSION = YES_AGGRESSIVE;
				CLANG_CXX_LANGUAGE_STANDARD = "gnu++14";
				CLANG_CXX_LIBRARY = "libc++";
				CLANG_ENABLE_MODULES = YES;
				CLANG_ENABLE_OBJC_ARC = YES;
				CLANG_ENABLE_OBJC_WEAK = YES;
				CLANG_WARN_BLOCK_CAPTURE_AUTORELEASING = YES;
				CLANG_WARN_BOOL_CONVERSION = YES;
				CLANG_WARN_COMMA = YES;
				CLANG_WARN_CONSTANT_CONVERSION = YES;
				CLANG_WARN_DEPRECATED_OBJC_IMPLEMENTATIONS = YES;
				CLANG_WARN_DIRECT_OBJC_ISA_USAGE = YES_ERROR;
				CLANG_WARN_DOCUMENTATION_COMMENTS = YES;
				CLANG_WARN_EMPTY_BODY = YES;
				CLANG_WARN_ENUM_CONVERSION = YES;
				CLANG_WARN_INFINITE_RECURSION = YES;
				CLANG_WARN_INT_CONVERSION = YES;
				CLANG_WARN_NON_LITERAL_NULL_CONVERSION = YES;
				CLANG_WARN_OBJC_IMPLICIT_RETAIN_SELF = YES;
				CLANG_WARN_OBJC_LITERAL_CONVERSION = YES;
				CLANG_WARN_OBJC_ROOT_CLASS = YES_ERROR;
				CLANG_WARN_RANGE_LOOP_ANALYSIS = YES;
				CLANG_WARN_STRICT_PROTOTYPES = YES;
				CLANG_WARN_SUSPICIOUS_MOVE = YES;
				CLANG_WARN_UNGUARDED_AVAILABILITY = YES_AGGRESSIVE;
				CLANG_WARN_UNREACHABLE_CODE = YES;
				CLANG_WARN__DUPLICATE_METHOD_MATCH = YES;
				CODE_SIGN_IDENTITY = "iPhone Developer";
				COPY_PHASE_STRIP = NO;
				DEBUG_INFORMATION_FORMAT = "dwarf-with-dsym";
				ENABLE_NS_ASSERTIONS = NO;
				ENABLE_STRICT_OBJC_MSGSEND = YES;
				GCC_C_LANGUAGE_STANDARD = gnu11;
				GCC_NO_COMMON_BLOCKS = YES;
				GCC_WARN_64_TO_32_BIT_CONVERSION = YES;
				GCC_WARN_ABOUT_RETURN_TYPE = YES_ERROR;
				GCC_WARN_UNDECLARED_SELECTOR = YES;
				GCC_WARN_UNINITIALIZED_AUTOS = YES_AGGRESSIVE;
				GCC_WARN_UNUSED_FUNCTION = YES;
				GCC_WARN_UNUSED_VARIABLE = YES;
				IPHONEOS_DEPLOYMENT_TARGET = 12.1;
				MTL_ENABLE_DEBUG_INFO = NO;
				MTL_FAST_MATH = YES;
				SDKROOT = iphoneos;
				SWIFT_COMPILATION_MODE = wholemodule;
				SWIFT_OPTIMIZATION_LEVEL = "-O";
				VALIDATE_PRODUCT = YES;
			};
			name = Release;
		};
		B8BC0B5722857C5B00B7DD43 /* Debug */ = {
			isa = XCBuildConfiguration;
			baseConfigurationReference = 5610C7D9A9363140AB8B03FE /* Pods-iShare.debug.xcconfig */;
			buildSettings = {
				ASSETCATALOG_COMPILER_APPICON_NAME = AppIcon;
				CODE_SIGN_STYLE = Automatic;
				DEVELOPMENT_TEAM = 5VRQ7JD8LN;
				INFOPLIST_FILE = iShare/Info.plist;
				LD_RUNPATH_SEARCH_PATHS = (
					"$(inherited)",
					"@executable_path/Frameworks",
				);
				PRODUCT_BUNDLE_IDENTIFIER = com.app.ishare;
				PRODUCT_NAME = "$(TARGET_NAME)";
				SWIFT_VERSION = 4.2;
				TARGETED_DEVICE_FAMILY = "1,2";
			};
			name = Debug;
		};
		B8BC0B5822857C5B00B7DD43 /* Release */ = {
			isa = XCBuildConfiguration;
			baseConfigurationReference = F157ACCD42F6BF922216AACD /* Pods-iShare.release.xcconfig */;
			buildSettings = {
				ASSETCATALOG_COMPILER_APPICON_NAME = AppIcon;
				CODE_SIGN_STYLE = Automatic;
				DEVELOPMENT_TEAM = 5VRQ7JD8LN;
				INFOPLIST_FILE = iShare/Info.plist;
				LD_RUNPATH_SEARCH_PATHS = (
					"$(inherited)",
					"@executable_path/Frameworks",
				);
				PRODUCT_BUNDLE_IDENTIFIER = com.app.ishare;
				PRODUCT_NAME = "$(TARGET_NAME)";
				SWIFT_VERSION = 4.2;
				TARGETED_DEVICE_FAMILY = "1,2";
			};
			name = Release;
		};
/* End XCBuildConfiguration section */

/* Begin XCConfigurationList section */
		B8BC0B3F22857C5900B7DD43 /* Build configuration list for PBXProject "iShare" */ = {
			isa = XCConfigurationList;
			buildConfigurations = (
				B8BC0B5422857C5B00B7DD43 /* Debug */,
				B8BC0B5522857C5B00B7DD43 /* Release */,
			);
			defaultConfigurationIsVisible = 0;
			defaultConfigurationName = Release;
		};
		B8BC0B5622857C5B00B7DD43 /* Build configuration list for PBXNativeTarget "iShare" */ = {
			isa = XCConfigurationList;
			buildConfigurations = (
				B8BC0B5722857C5B00B7DD43 /* Debug */,
				B8BC0B5822857C5B00B7DD43 /* Release */,
			);
			defaultConfigurationIsVisible = 0;
			defaultConfigurationName = Release;
		};
/* End XCConfigurationList section */
	};
	rootObject = B8BC0B3C22857C5900B7DD43 /* Project object */;
}
